<Solution>
  <Folder Name="/game/">
    <Project Path="game/Snookering.Game.csproj">
      <BuildType Project="Debug" />
    </Project>
  </Folder>
  <Folder Name="/src/">
    <Project Path="src/Snookering.Core/Snookering.Core.csproj" />
    <Project Path="src/Snookering.Tools/Snookering.Tools.csproj" />
  </Folder>
  <Folder Name="/tests/">
    <Project Path="tests/Snookering.Core.Tests/Snookering.Core.Tests.csproj" />
  </Folder>
</Solution>
